
Microsoft Visual Studio Solution File, Format Version 12.00
# Visual Studio Version 16
VisualStudioVersion = 16.0.30225.117
MinimumVisualStudioVersion = 10.0.40219.1
Project("{FAE04EC0-301F-11D3-BF4B-00C04F79EFBC}") = "ProyectoWeb2_Cliente", "ProyectoWeb2_Cliente\ProyectoWeb2_Cliente.csproj", "{79710BA1-A323-45A2-9A07-7D7A07F3CBD9}"
EndProject
Global
	GlobalSection(SolutionConfigurationPlatforms) = preSolution
		Debug|Any CPU = Debug|Any CPU
		Release|Any CPU = Release|Any CPU
	EndGlobalSection
	GlobalSection(ProjectConfigurationPlatforms) = postSolution
		{79710BA1-A323-45A2-9A07-7D7A07F3CBD9}.Debug|Any CPU.ActiveCfg = Debug|Any CPU
		{79710BA1-A323-45A2-9A07-7D7A07F3CBD9}.Debug|Any CPU.Build.0 = Debug|Any CPU
		{79710BA1-A323-45A2-9A07-7D7A07F3CBD9}.Release|Any CPU.ActiveCfg = Release|Any CPU
		{79710BA1-A323-45A2-9A07-7D7A07F3CBD9}.Release|Any CPU.Build.0 = Release|Any CPU
	EndGlobalSection
	GlobalSection(SolutionProperties) = preSolution
		HideSolutionNode = FALSE
	EndGlobalSection
	GlobalSection(ExtensibilityGlobals) = postSolution
		SolutionGuid = {DE20A689-8F76-42BB-A2BC-7CB4EC830EE9}
	EndGlobalSection
EndGlobal
